
Microsoft Visual Studio Solution File, Format Version 9.00
# Visual Studio 2005
Project("{FAE04EC0-301F-11D3-BF4B-00C04F79EFBC}") = "TestShp", "TestShp\TestShp.csproj", "{418EF078-FD0F-45DC-B3E5-3734575474D5}"
EndProject
Project("{8BC9CEB8-8B4A-11D0-8D11-00A0C91BC942}") = "ReadShp", "ReadShp\ReadShp.vcproj", "{0704837E-FCCB-44FB-8A04-24CA64157876}"
EndProject
Project("{8BC9CEB8-8B4A-11D0-8D11-00A0C91BC942}") = "ReadShpStd", "ReadShpStd\ReadShpStd.vcproj", "{B0AA822F-B92B-4227-AF0D-CA4614C0D431}"
EndProject
Global
	GlobalSection(SolutionConfigurationPlatforms) = preSolution
		Debug|Any CPU = Debug|Any CPU
		Debug|Mixed Platforms = Debug|Mixed Platforms
		Debug|Win32 = Debug|Win32
		Release|Any CPU = Release|Any CPU
		Release|Mixed Platforms = Release|Mixed Platforms
		Release|Win32 = Release|Win32
	EndGlobalSection
	GlobalSection(ProjectConfigurationPlatforms) = postSolution
		{418EF078-FD0F-45DC-B3E5-3734575474D5}.Debug|Any CPU.ActiveCfg = Debug|Any CPU
		{418EF078-FD0F-45DC-B3E5-3734575474D5}.Debug|Any CPU.Build.0 = Debug|Any CPU
		{418EF078-FD0F-45DC-B3E5-3734575474D5}.Debug|Mixed Platforms.ActiveCfg = Debug|Any CPU
		{418EF078-FD0F-45DC-B3E5-3734575474D5}.Debug|Mixed Platforms.Build.0 = Debug|Any CPU
		{418EF078-FD0F-45DC-B3E5-3734575474D5}.Debug|Win32.ActiveCfg = Debug|Any CPU
		{418EF078-FD0F-45DC-B3E5-3734575474D5}.Release|Any CPU.ActiveCfg = Release|Any CPU
		{418EF078-FD0F-45DC-B3E5-3734575474D5}.Release|Any CPU.Build.0 = Release|Any CPU
		{418EF078-FD0F-45DC-B3E5-3734575474D5}.Release|Mixed Platforms.ActiveCfg = Release|Any CPU
		{418EF078-FD0F-45DC-B3E5-3734575474D5}.Release|Mixed Platforms.Build.0 = Release|Any CPU
		{418EF078-FD0F-45DC-B3E5-3734575474D5}.Release|Win32.ActiveCfg = Release|Any CPU
		{0704837E-FCCB-44FB-8A04-24CA64157876}.Debug|Any CPU.ActiveCfg = Debug|Win32
		{0704837E-FCCB-44FB-8A04-24CA64157876}.Debug|Mixed Platforms.ActiveCfg = Debug|Win32
		{0704837E-FCCB-44FB-8A04-24CA64157876}.Debug|Mixed Platforms.Build.0 = Debug|Win32
		{0704837E-FCCB-44FB-8A04-24CA64157876}.Debug|Win32.ActiveCfg = Debug|Win32
		{0704837E-FCCB-44FB-8A04-24CA64157876}.Debug|Win32.Build.0 = Debug|Win32
		{0704837E-FCCB-44FB-8A04-24CA64157876}.Release|Any CPU.ActiveCfg = Release|Win32
		{0704837E-FCCB-44FB-8A04-24CA64157876}.Release|Mixed Platforms.ActiveCfg = Release|Win32
		{0704837E-FCCB-44FB-8A04-24CA64157876}.Release|Mixed Platforms.Build.0 = Release|Win32
		{0704837E-FCCB-44FB-8A04-24CA64157876}.Release|Win32.ActiveCfg = Release|Win32
		{0704837E-FCCB-44FB-8A04-24CA64157876}.Release|Win32.Build.0 = Release|Win32
		{B0AA822F-B92B-4227-AF0D-CA4614C0D431}.Debug|Any CPU.ActiveCfg = Debug|Win32
		{B0AA822F-B92B-4227-AF0D-CA4614C0D431}.Debug|Mixed Platforms.ActiveCfg = Debug|Win32
		{B0AA822F-B92B-4227-AF0D-CA4614C0D431}.Debug|Mixed Platforms.Build.0 = Debug|Win32
		{B0AA822F-B92B-4227-AF0D-CA4614C0D431}.Debug|Win32.ActiveCfg = Debug|Win32
		{B0AA822F-B92B-4227-AF0D-CA4614C0D431}.Debug|Win32.Build.0 = Debug|Win32
		{B0AA822F-B92B-4227-AF0D-CA4614C0D431}.Release|Any CPU.ActiveCfg = Release|Win32
		{B0AA822F-B92B-4227-AF0D-CA4614C0D431}.Release|Mixed Platforms.ActiveCfg = Release|Win32
		{B0AA822F-B92B-4227-AF0D-CA4614C0D431}.Release|Mixed Platforms.Build.0 = Release|Win32
		{B0AA822F-B92B-4227-AF0D-CA4614C0D431}.Release|Win32.ActiveCfg = Release|Win32
		{B0AA822F-B92B-4227-AF0D-CA4614C0D431}.Release|Win32.Build.0 = Release|Win32
	EndGlobalSection
	GlobalSection(SolutionProperties) = preSolution
		HideSolutionNode = FALSE
	EndGlobalSection
EndGlobal
